Microsoft Visual Studio Solution File, Format Version 12.00
# Visual Studio Version 17
VisualStudioVersion = 17.5.2.0
MinimumVisualStudioVersion = 10.0.40219.1
Project("{FAE04EC0-301F-11D3-BF4B-00C04F79EFBC}") = "RickAndMortyBFF", "RickAndMortyBFF.csproj", "{B4FB45C1-55FE-BFD5-8B4E-C6DE703DF514}"
EndProject
Global
	GlobalSection(SolutionConfigurationPlatforms) = preSolution
		Debug|Any CPU = Debug|Any CPU
		Release|Any CPU = Release|Any CPU
	EndGlobalSection
	GlobalSection(ProjectConfigurationPlatforms) = postSolution
		{B4FB45C1-55FE-BFD5-8B4E-C6DE703DF514}.Debug|Any CPU.ActiveCfg = Debug|Any CPU
		{B4FB45C1-55FE-BFD5-8B4E-C6DE703DF514}.Debug|Any CPU.Build.0 = Debug|Any CPU
		{B4FB45C1-55FE-BFD5-8B4E-C6DE703DF514}.Release|Any CPU.ActiveCfg = Release|Any CPU
		{B4FB45C1-55FE-BFD5-8B4E-C6DE703DF514}.Release|Any CPU.Build.0 = Release|Any CPU
	EndGlobalSection
	GlobalSection(SolutionProperties) = preSolution
		HideSolutionNode = FALSE
	EndGlobalSection
	GlobalSection(ExtensibilityGlobals) = postSolution
		SolutionGuid = {404D7485-1002-48F8-AF61-94A8E2938EFF}
	EndGlobalSection
EndGlobal
